
Microsoft Visual Studio Solution File, Format Version 12.00
# Visual Studio Express 2013 for Windows Desktop
VisualStudioVersion = 12.0.30501.0
MinimumVisualStudioVersion = 10.0.40219.1
Project("{FAE04EC0-301F-11D3-BF4B-00C04F79EFBC}") = "Et075", "Et075\Et075.csproj", "{17097242-0FEA-496B-9EC1-5448A6568B98}"
EndProject
Project("{FAE04EC0-301F-11D3-BF4B-00C04F79EFBC}") = "Tests_Et075", "Tests_Et075\Tests_Et075.csproj", "{4132CB69-9F88-4014-9E94-92F82CFBD830}"
EndProject
Global
	GlobalSection(SolutionConfigurationPlatforms) = preSolution
		Debug|Any CPU = Debug|Any CPU
		Release|Any CPU = Release|Any CPU
		Tests|Any CPU = Tests|Any CPU
	EndGlobalSection
	GlobalSection(ProjectConfigurationPlatforms) = postSolution
		{17097242-0FEA-496B-9EC1-5448A6568B98}.Debug|Any CPU.ActiveCfg = Debug|Any CPU
		{17097242-0FEA-496B-9EC1-5448A6568B98}.Debug|Any CPU.Build.0 = Debug|Any CPU
		{17097242-0FEA-496B-9EC1-5448A6568B98}.Release|Any CPU.ActiveCfg = Debug|Any CPU
		{17097242-0FEA-496B-9EC1-5448A6568B98}.Release|Any CPU.Build.0 = Debug|Any CPU
		{17097242-0FEA-496B-9EC1-5448A6568B98}.Tests|Any CPU.ActiveCfg = Release|Any CPU
		{17097242-0FEA-496B-9EC1-5448A6568B98}.Tests|Any CPU.Build.0 = Release|Any CPU
		{4132CB69-9F88-4014-9E94-92F82CFBD830}.Debug|Any CPU.ActiveCfg = Debug|Any CPU
		{4132CB69-9F88-4014-9E94-92F82CFBD830}.Debug|Any CPU.Build.0 = Debug|Any CPU
		{4132CB69-9F88-4014-9E94-92F82CFBD830}.Release|Any CPU.ActiveCfg = Debug|Any CPU
		{4132CB69-9F88-4014-9E94-92F82CFBD830}.Release|Any CPU.Build.0 = Debug|Any CPU
		{4132CB69-9F88-4014-9E94-92F82CFBD830}.Tests|Any CPU.ActiveCfg = Tests|Any CPU
		{4132CB69-9F88-4014-9E94-92F82CFBD830}.Tests|Any CPU.Build.0 = Tests|Any CPU
	EndGlobalSection
	GlobalSection(SolutionProperties) = preSolution
		HideSolutionNode = FALSE
	EndGlobalSection
EndGlobal
